
Microsoft Visual Studio Solution File, Format Version 12.00
# Visual Studio Version 17
VisualStudioVersion = 17.0.32014.148
MinimumVisualStudioVersion = 10.0.40219.1
Project("{FAE04EC0-301F-11D3-BF4B-00C04F79EFBC}") = "TP1", "TP1\TP1.csproj", "{1971D3E7-4AA6-4D72-94CC-E91F7DDA130E}"
EndProject
Project("{2150E333-8FDC-42A3-9474-1A3956D46DE8}") = "Solution Items", "Solution Items", "{6DCBC7B3-5139-4D7E-99F2-962665C1233E}"
	ProjectSection(SolutionItems) = preProject
		.editorconfig = .editorconfig
	EndProjectSection
EndProject
Global
	GlobalSection(SolutionConfigurationPlatforms) = preSolution
		Debug|Any CPU = Debug|Any CPU
		Release|Any CPU = Release|Any CPU
	EndGlobalSection
	GlobalSection(ProjectConfigurationPlatforms) = postSolution
		{1971D3E7-4AA6-4D72-94CC-E91F7DDA130E}.Debug|Any CPU.ActiveCfg = Debug|Any CPU
		{1971D3E7-4AA6-4D72-94CC-E91F7DDA130E}.Debug|Any CPU.Build.0 = Debug|Any CPU
		{1971D3E7-4AA6-4D72-94CC-E91F7DDA130E}.Release|Any CPU.ActiveCfg = Release|Any CPU
		{1971D3E7-4AA6-4D72-94CC-E91F7DDA130E}.Release|Any CPU.Build.0 = Release|Any CPU
	EndGlobalSection
	GlobalSection(SolutionProperties) = preSolution
		HideSolutionNode = FALSE
	EndGlobalSection
	GlobalSection(ExtensibilityGlobals) = postSolution
		SolutionGuid = {45CBD8F8-AF58-451F-85D4-A8959544A80B}
	EndGlobalSection
EndGlobal
